// !$*UTF8*$!
{
	archiveVersion = 1;
	classes = {
	};
	objectVersion = 77;
	objects = {

/* Begin PBXContainerItemProxy section */
		BEAF5BD52FE33DD6007392A5 /* PBXContainerItemProxy */ = {
			isa = PBXContainerItemProxy;
			containerPortal = BEAF5BBF2FE33DD5007392A5 /* Project object */;
			proxyType = 1;
			remoteGlobalIDString = BEAF5BC62FE33DD5007392A5;
			remoteInfo = "disc-vis";
		};
		BEAF5BDF2FE33DD6007392A5 /* PBXContainerItemProxy */ = {
			isa = PBXContainerItemProxy;
			containerPortal = BEAF5BBF2FE33DD5007392A5 /* Project object */;
			proxyType = 1;
			remoteGlobalIDString = BEAF5BC62FE33DD5007392A5;
			remoteInfo = "disc-vis";
		};
/* End PBXContainerItemProxy section */

/* Begin PBXFileReference section */
		BEAF5BC72FE33DD5007392A5 /* disc-vis.app */ = {isa = PBXFileReference; explicitFileType = wrapper.application; includeInIndex = 0; path = "disc-vis.app"; sourceTree = BUILT_PRODUCTS_DIR; };
		BEAF5BD42FE33DD6007392A5 /* disc-visTests.xctest */ = {isa = PBXFileReference; explicitFileType = wrapper.cfbundle; includeInIndex = 0; path = "disc-visTests.xctest"; sourceTree = BUILT_PRODUCTS_DIR; };
		BEAF5BDE2FE33DD6007392A5 /* disc-visUITests.xctest */ = {isa = PBXFileReference; explicitFileType = wrapper.cfbundle; includeInIndex = 0; path = "disc-visUITests.xctest"; sourceTree = BUILT_PRODUCTS_DIR; };
/* End PBXFileReference section */

/* Begin PBXFileSystemSynchronizedRootGroup section */
		BEAF5BC92FE33DD5007392A5 /* disc-vis */ = {
			isa = PBXFileSystemSynchronizedRootGroup;
			path = "disc-vis";
			sourceTree = "<group>";
		};
		BEAF5BD72FE33DD6007392A5 /* disc-visTests */ = {
			isa = PBXFileSystemSynchronizedRootGroup;
			path = "disc-visTests";
			sourceTree = "<group>";
		};
		BEAF5BE12FE33DD6007392A5 /* disc-visUITests */ = {
			isa = PBXFileSystemSynchronizedRootGroup;
			path = "disc-visUITests";
			sourceTree = "<group>";
		};
/* End PBXFileSystemSynchronizedRootGroup section */

/* Begin PBXFrameworksBuildPhase section */
		BEAF5BC42FE33DD5007392A5 /* Frameworks */ = {
			isa = PBXFrameworksBuildPhase;
			buildActionMask = 2147483647;
			files = (
			);
			runOnlyForDeploymentPostprocessing = 0;
		};
		BEAF5BD12FE33DD6007392A5 /* Frameworks */ = {
			isa = PBXFrameworksBuildPhase;
			buildActionMask = 2147483647;
			files = (
			);
			runOnlyForDeploymentPostprocessing = 0;
		};
		BEAF5BDB2FE33DD6007392A5 /* Frameworks */ = {
			isa = PBXFrameworksBuildPhase;
			buildActionMask = 2147483647;
			files = (
			);
			runOnlyForDeploymentPostprocessing = 0;
		};
/* End PBXFrameworksBuildPhase section */

/* Begin PBXGroup section */
		BEAF5BBE2FE33DD5007392A5 = {
			isa = PBXGroup;
			children = (
				BEAF5BC92FE33DD5007392A5 /* disc-vis */,
				BEAF5BD72FE33DD6007392A5 /* disc-visTests */,
				BEAF5BE12FE33DD6007392A5 /* disc-visUITests */,
				BEAF5BC82FE33DD5007392A5 /* Products */,
			);
			sourceTree = "<group>";
		};
		BEAF5BC82FE33DD5007392A5 /* Products */ = {
			isa = PBXGroup;
			children = (
				BEAF5BC72FE33DD5007392A5 /* disc-vis.app */,
				BEAF5BD42FE33DD6007392A5 /* disc-visTests.xctest */,
				BEAF5BDE2FE33DD6007392A5 /* disc-visUITests.xctest */,
			);
			name = Products;
			sourceTree = "<group>";
		};
/* End PBXGroup section */

/* Begin PBXNativeTarget section */
		BEAF5BC62FE33DD5007392A5 /* disc-vis */ = {
			isa = PBXNativeTarget;
			buildConfigurationList = BEAF5BE82FE33DD6007392A5 /* Build configuration list for PBXNativeTarget "disc-vis" */;
			buildPhases = (
				BEAF5BC32FE33DD5007392A5 /* Sources */,
				BEAF5BC42FE33DD5007392A5 /* Frameworks */,
				BEAF5BC52FE33DD5007392A5 /* Resources */,
			);
			buildRules = (
			);
			dependencies = (
			);
			fileSystemSynchronizedGroups = (
				BEAF5BC92FE33DD5007392A5 /* disc-vis */,
			);
			name = "disc-vis";
			packageProductDependencies = (
			);
			productName = "disc-vis";
			productReference = BEAF5BC72FE33DD5007392A5 /* disc-vis.app */;
			productType = "com.apple.product-type.application";
		};
		BEAF5BD32FE33DD6007392A5 /* disc-visTests */ = {
			isa = PBXNativeTarget;
			buildConfigurationList = BEAF5BEB2FE33DD6007392A5 /* Build configuration list for PBXNativeTarget "disc-visTests" */;
			buildPhases = (
				BEAF5BD02FE33DD6007392A5 /* Sources */,
				BEAF5BD12FE33DD6007392A5 /* Frameworks */,
				BEAF5BD22FE33DD6007392A5 /* Resources */,
			);
			buildRules = (
			);
			dependencies = (
				BEAF5BD62FE33DD6007392A5 /* PBXTargetDependency */,
			);
			fileSystemSynchronizedGroups = (
				BEAF5BD72FE33DD6007392A5 /* disc-visTests */,
			);
			name = "disc-visTests";
			packageProductDependencies = (
			);
			productName = "disc-visTests";
			productReference = BEAF5BD42FE33DD6007392A5 /* disc-visTests.xctest */;
			productType = "com.apple.product-type.bundle.unit-test";
		};
		BEAF5BDD2FE33DD6007392A5 /* disc-visUITests */ = {
			isa = PBXNativeTarget;
			buildConfigurationList = BEAF5BEE2FE33DD6007392A5 /* Build configuration list for PBXNativeTarget "disc-visUITests" */;
			buildPhases = (
				BEAF5BDA2FE33DD6007392A5 /* Sources */,
				BEAF5BDB2FE33DD6007392A5 /* Frameworks */,
				BEAF5BDC2FE33DD6007392A5 /* Resources */,
			);
			buildRules = (
			);
			dependencies = (
				BEAF5BE02FE33DD6007392A5 /* PBXTargetDependency */,
			);
			fileSystemSynchronizedGroups = (
				BEAF5BE12FE33DD6007392A5 /* disc-visUITests */,
			);
			name = "disc-visUITests";
			packageProductDependencies = (
			);
			productName = "disc-visUITests";
			productReference = BEAF5BDE2FE33DD6007392A5 /* disc-visUITests.xctest */;
			productType = "com.apple.product-type.bundle.ui-testing";
		};
/* End PBXNativeTarget section */

/* Begin PBXProject section */
		BEAF5BBF2FE33DD5007392A5 /* Project object */ = {
			isa = PBXProject;
			attributes = {
				BuildIndependentTargetsInParallel = 1;
				LastSwiftUpdateCheck = 2650;
				LastUpgradeCheck = 2650;
				TargetAttributes = {
					BEAF5BC62FE33DD5007392A5 = {
						CreatedOnToolsVersion = 26.5;
					};
					BEAF5BD32FE33DD6007392A5 = {
						CreatedOnToolsVersion = 26.5;
						TestTargetID = BEAF5BC62FE33DD5007392A5;
					};
					BEAF5BDD2FE33DD6007392A5 = {
						CreatedOnToolsVersion = 26.5;
						TestTargetID = BEAF5BC62FE33DD5007392A5;
					};
				};
			};
			buildConfigurationList = BEAF5BC22FE33DD5007392A5 /* Build configuration list for PBXProject "disc-vis" */;
			developmentRegion = en;
			hasScannedForEncodings = 0;
			knownRegions = (
				en,
				Base,
			);
			mainGroup = BEAF5BBE2FE33DD5007392A5;
			minimizedProjectReferenceProxies = 1;
			preferredProjectObjectVersion = 77;
			productRefGroup = BEAF5BC82FE33DD5007392A5 /* Products */;
			projectDirPath = "";
			projectRoot = "";
			targets = (
				BEAF5BC62FE33DD5007392A5 /* disc-vis */,
				BEAF5BD32FE33DD6007392A5 /* disc-visTests */,
				BEAF5BDD2FE33DD6007392A5 /* disc-visUITests */,
			);
		};
/* End PBXProject section */

/* Begin PBXResourcesBuildPhase section */
		BEAF5BC52FE33DD5007392A5 /* Resources */ = {
			isa = PBXResourcesBuildPhase;
			buildActionMask = 2147483647;
			files = (
			);
			runOnlyForDeploymentPostprocessing = 0;
		};
		BEAF5BD22FE33DD6007392A5 /* Resources */ = {
			isa = PBXResourcesBuildPhase;
			buildActionMask = 2147483647;
			files = (
			);
			runOnlyForDeploymentPostprocessing = 0;
		};
		BEAF5BDC2FE33DD6007392A5 /* Resources */ = {
			isa = PBXResourcesBuildPhase;
			buildActionMask = 2147483647;
			files = (
			);
			runOnlyForDeploymentPostprocessing = 0;
		};
/* End PBXResourcesBuildPhase section */

/* Begin PBXSourcesBuildPhase section */
		BEAF5BC32FE33DD5007392A5 /* Sources */ = {
			isa = PBXSourcesBuildPhase;
			buildActionMask = 2147483647;
			files = (
			);
			runOnlyForDeploymentPostprocessing = 0;
		};
		BEAF5BD02FE33DD6007392A5 /* Sources */ = {
			isa = PBXSourcesBuildPhase;
			buildActionMask = 2147483647;
			files = (
			);
			runOnlyForDeploymentPostprocessing = 0;
		};
		BEAF5BDA2FE33DD6007392A5 /* Sources */ = {
			isa = PBXSourcesBuildPhase;
			buildActionMask = 2147483647;
			files = (
			);
			runOnlyForDeploymentPostprocessing = 0;
		};
/* End PBXSourcesBuildPhase section */

/* Begin PBXTargetDependency section */
		BEAF5BD62FE33DD6007392A5 /* PBXTargetDependency */ = {
			isa = PBXTargetDependency;
			target = BEAF5BC62FE33DD5007392A5 /* disc-vis */;
			targetProxy = BEAF5BD52FE33DD6007392A5 /* PBXContainerItemProxy */;
		};
		BEAF5BE02FE33DD6007392A5 /* PBXTargetDependency */ = {
			isa = PBXTargetDependency;
			target = BEAF5BC62FE33DD5007392A5 /* disc-vis */;
			targetProxy = BEAF5BDF2FE33DD6007392A5 /* PBXContainerItemProxy */;
		};
/* End PBXTargetDependency section */

/* Begin XCBuildConfiguration section */
		BEAF5BE62FE33DD6007392A5 /* Debug */ = {
			isa = XCBuildConfiguration;
			buildSettings = {
				ALWAYS_SEARCH_USER_PATHS = NO;
				ASSETCATALOG_COMPILER_GENERATE_SWIFT_ASSET_SYMBOL_EXTENSIONS = YES;
				CLANG_ANALYZER_NONNULL = YES;
				CLANG_ANALYZER_NUMBER_OBJECT_CONVERSION = YES_AGGRESSIVE;
				CLANG_CXX_LANGUAGE_STANDARD = "gnu++20";
				CLANG_ENABLE_MODULES = YES;
				CLANG_ENABLE_OBJC_ARC = YES;
				CLANG_ENABLE_OBJC_WEAK = YES;
				CLANG_WARN_BLOCK_CAPTURE_AUTORELEASING = YES;
				CLANG_WARN_BOOL_CONVERSION = YES;
				CLANG_WARN_COMMA = YES;
				CLANG_WARN_CONSTANT_CONVERSION = YES;
				CLANG_WARN_DEPRECATED_OBJC_IMPLEMENTATIONS = YES;
				CLANG_WARN_DIRECT_OBJC_ISA_USAGE = YES_ERROR;
				CLANG_WARN_DOCUMENTATION_COMMENTS = YES;
				CLANG_WARN_EMPTY_BODY = YES;
				CLANG_WARN_ENUM_CONVERSION = YES;
				CLANG_WARN_INFINITE_RECURSION = YES;
				CLANG_WARN_INT_CONVERSION = YES;
				CLANG_WARN_NON_LITERAL_NULL_CONVERSION = YES;
				CLANG_WARN_OBJC_IMPLICIT_RETAIN_SELF = YES;
				CLANG_WARN_OBJC_LITERAL_CONVERSION = YES;
				CLANG_WARN_OBJC_ROOT_CLASS = YES_ERROR;
				CLANG_WARN_QUOTED_INCLUDE_IN_FRAMEWORK_HEADER = YES;
				CLANG_WARN_RANGE_LOOP_ANALYSIS = YES;
				CLANG_WARN_STRICT_PROTOTYPES = YES;
				CLANG_WARN_SUSPICIOUS_MOVE = YES;
				CLANG_WARN_UNGUARDED_AVAILABILITY = YES_AGGRESSIVE;
				CLANG_WARN_UNREACHABLE_CODE = YES;
				CLANG_WARN__DUPLICATE_METHOD_MATCH = YES;
				COPY_PHASE_STRIP = NO;
				DEBUG_INFORMATION_FORMAT = dwarf;
				ENABLE_STRICT_OBJC_MSGSEND = YES;
				ENABLE_TESTABILITY = YES;
				ENABLE_USER_SCRIPT_SANDBOXING = YES;
				GCC_C_LANGUAGE_STANDARD = gnu17;
				GCC_DYNAMIC_NO_PIC = NO;
				GCC_NO_COMMON_BLOCKS = YES;
				GCC_OPTIMIZATION_LEVEL = 0;
				GCC_PREPROCESSOR_DEFINITIONS = (
					"DEBUG=1",
					"$(inherited)",
				);
				GCC_WARN_64_TO_32_BIT_CONVERSION = YES;
				GCC_WARN_ABOUT_RETURN_TYPE = YES_ERROR;
				GCC_WARN_UNDECLARED_SELECTOR = YES;
				GCC_WARN_UNINITIALIZED_AUTOS = YES_AGGRESSIVE;
				GCC_WARN_UNUSED_FUNCTION = YES;
				GCC_WARN_UNUSED_VARIABLE = YES;
				IPHONEOS_DEPLOYMENT_TARGET = 26.5;
				LOCALIZATION_PREFERS_STRING_CATALOGS = YES;
				MTL_ENABLE_DEBUG_INFO = INCLUDE_SOURCE;
				MTL_FAST_MATH = YES;
				ONLY_ACTIVE_ARCH = YES;
				SDKROOT = iphoneos;
				SWIFT_ACTIVE_COMPILATION_CONDITIONS = "DEBUG $(inherited)";
				SWIFT_OPTIMIZATION_LEVEL = "-Onone";
			};
			name = Debug;
		};
		BEAF5BE72FE33DD6007392A5 /* Release */ = {
			isa = XCBuildConfiguration;
			buildSettings = {
				ALWAYS_SEARCH_USER_PATHS = NO;
				ASSETCATALOG_COMPILER_GENERATE_SWIFT_ASSET_SYMBOL_EXTENSIONS = YES;
				CLANG_ANALYZER_NONNULL = YES;
				CLANG_ANALYZER_NUMBER_OBJECT_CONVERSION = YES_AGGRESSIVE;
				CLANG_CXX_LANGUAGE_STANDARD = "gnu++20";
				CLANG_ENABLE_MODULES = YES;
				CLANG_ENABLE_OBJC_ARC = YES;
				CLANG_ENABLE_OBJC_WEAK = YES;
				CLANG_WARN_BLOCK_CAPTURE_AUTORELEASING = YES;
				CLANG_WARN_BOOL_CONVERSION = YES;
				CLANG_WARN_COMMA = YES;
				CLANG_WARN_CONSTANT_CONVERSION = YES;
				CLANG_WARN_DEPRECATED_OBJC_IMPLEMENTATIONS = YES;
				CLANG_WARN_DIRECT_OBJC_ISA_USAGE = YES_ERROR;
				CLANG_WARN_DOCUMENTATION_COMMENTS = YES;
				CLANG_WARN_EMPTY_BODY = YES;
				CLANG_WARN_ENUM_CONVERSION = YES;
				CLANG_WARN_INFINITE_RECURSION = YES;
				CLANG_WARN_INT_CONVERSION = YES;
				CLANG_WARN_NON_LITERAL_NULL_CONVERSION = YES;
				CLANG_WARN_OBJC_IMPLICIT_RETAIN_SELF = YES;
				CLANG_WARN_OBJC_LITERAL_CONVERSION = YES;
				CLANG_WARN_OBJC_ROOT_CLASS = YES_ERROR;
				CLANG_WARN_QUOTED_INCLUDE_IN_FRAMEWORK_HEADER = YES;
				CLANG_WARN_RANGE_LOOP_ANALYSIS = YES;
				CLANG_WARN_STRICT_PROTOTYPES = YES;
				CLANG_WARN_SUSPICIOUS_MOVE = YES;
				CLANG_WARN_UNGUARDED_AVAILABILITY = YES_AGGRESSIVE;
				CLANG_WARN_UNREACHABLE_CODE = YES;
				CLANG_WARN__DUPLICATE_METHOD_MATCH = YES;
				COPY_PHASE_STRIP = NO;
				DEBUG_INFORMATION_FORMAT = "dwarf-with-dsym";
				ENABLE_NS_ASSERTIONS = NO;
				ENABLE_STRICT_OBJC_MSGSEND = YES;
				ENABLE_USER_SCRIPT_SANDBOXING = YES;
				GCC_C_LANGUAGE_STANDARD = gnu17;
				GCC_NO_COMMON_BLOCKS = YES;
				GCC_WARN_64_TO_32_BIT_CONVERSION = YES;
				GCC_WARN_ABOUT_RETURN_TYPE = YES_ERROR;
				GCC_WARN_UNDECLARED_SELECTOR = YES;
				GCC_WARN_UNINITIALIZED_AUTOS = YES_AGGRESSIVE;
				GCC_WARN_UNUSED_FUNCTION = YES;
				GCC_WARN_UNUSED_VARIABLE = YES;
				IPHONEOS_DEPLOYMENT_TARGET = 26.5;
				LOCALIZATION_PREFERS_STRING_CATALOGS = YES;
				MTL_ENABLE_DEBUG_INFO = NO;
				MTL_FAST_MATH = YES;
				SDKROOT = iphoneos;
				SWIFT_COMPILATION_MODE = wholemodule;
				VALIDATE_PRODUCT = YES;
			};
			name = Release;
		};
		BEAF5BE92FE33DD6007392A5 /* Debug */ = {
			isa = XCBuildConfiguration;
			buildSettings = {
				ASSETCATALOG_COMPILER_APPICON_NAME = AppIcon;
				ASSETCATALOG_COMPILER_GLOBAL_ACCENT_COLOR_NAME = AccentColor;
				CODE_SIGN_STYLE = Automatic;
				CURRENT_PROJECT_VERSION = 1;
				DEVELOPMENT_TEAM = UBPRM2DUQN;
				ENABLE_PREVIEWS = YES;
				GENERATE_INFOPLIST_FILE = YES;
				INFOPLIST_KEY_NSCameraUsageDescription = "DiscVis uses your camera to scan brush for disc colors and textures.";
				INFOPLIST_KEY_NSPhotoLibraryUsageDescription = "DiscVis needs access to select reference photos of your discs.";
				INFOPLIST_KEY_UIApplicationSceneManifest_Generation = YES;
				INFOPLIST_KEY_UIApplicationSupportsIndirectInputEvents = YES;
				INFOPLIST_KEY_UILaunchScreen_Generation = YES;
				INFOPLIST_KEY_UISupportedInterfaceOrientations_iPad = "UIInterfaceOrientationPortrait UIInterfaceOrientationPortraitUpsideDown UIInterfaceOrientationLandscapeLeft UIInterfaceOrientationLandscapeRight";
				INFOPLIST_KEY_UISupportedInterfaceOrientations_iPhone = "UIInterfaceOrientationPortrait UIInterfaceOrientationLandscapeLeft UIInterfaceOrientationLandscapeRight";
				LD_RUNPATH_SEARCH_PATHS = (
					"$(inherited)",
					"@executable_path/Frameworks",
				);
				MARKETING_VERSION = 1.0;
				PRODUCT_BUNDLE_IDENTIFIER = "jcorm.disc-vis";
				PRODUCT_NAME = "$(TARGET_NAME)";
				STRING_CATALOG_GENERATE_SYMBOLS = YES;
				SWIFT_APPROACHABLE_CONCURRENCY = YES;
				SWIFT_DEFAULT_ACTOR_ISOLATION = MainActor;
				SWIFT_EMIT_LOC_STRINGS = YES;
				SWIFT_UPCOMING_FEATURE_MEMBER_IMPORT_VISIBILITY = YES;
				SWIFT_VERSION = 5.0;
				TARGETED_DEVICE_FAMILY = "1,2";
			};
			name = Debug;
		};
		BEAF5BEA2FE33DD6007392A5 /* Release */ = {
			isa = XCBuildConfiguration;
			buildSettings = {
				ASSETCATALOG_COMPILER_APPICON_NAME = AppIcon;
				ASSETCATALOG_COMPILER_GLOBAL_ACCENT_COLOR_NAME = AccentColor;
				CODE_SIGN_STYLE = Automatic;
				CURRENT_PROJECT_VERSION = 1;
				DEVELOPMENT_TEAM = UBPRM2DUQN;
				ENABLE_PREVIEWS = YES;
				GENERATE_INFOPLIST_FILE = YES;
				INFOPLIST_KEY_NSCameraUsageDescription = "DiscVis uses your camera to scan brush for disc colors and textures.";
				INFOPLIST_KEY_NSPhotoLibraryUsageDescription = "DiscVis needs access to select reference photos of your discs.";
				INFOPLIST_KEY_UIApplicationSceneManifest_Generation = YES;
				INFOPLIST_KEY_UIApplicationSupportsIndirectInputEvents = YES;
				INFOPLIST_KEY_UILaunchScreen_Generation = YES;
				INFOPLIST_KEY_UISupportedInterfaceOrientations_iPad = "UIInterfaceOrientationPortrait UIInterfaceOrientationPortraitUpsideDown UIInterfaceOrientationLandscapeLeft UIInterfaceOrientationLandscapeRight";
				INFOPLIST_KEY_UISupportedInterfaceOrientations_iPhone = "UIInterfaceOrientationPortrait UIInterfaceOrientationLandscapeLeft UIInterfaceOrientationLandscapeRight";
				LD_RUNPATH_SEARCH_PATHS = (
					"$(inherited)",
					"@executable_path/Frameworks",
				);
				MARKETING_VERSION = 1.0;
				PRODUCT_BUNDLE_IDENTIFIER = "jcorm.disc-vis";
				PRODUCT_NAME = "$(TARGET_NAME)";
				STRING_CATALOG_GENERATE_SYMBOLS = YES;
				SWIFT_APPROACHABLE_CONCURRENCY = YES;
				SWIFT_DEFAULT_ACTOR_ISOLATION = MainActor;
				SWIFT_EMIT_LOC_STRINGS = YES;
				SWIFT_UPCOMING_FEATURE_MEMBER_IMPORT_VISIBILITY = YES;
				SWIFT_VERSION = 5.0;
				TARGETED_DEVICE_FAMILY = "1,2";
			};
			name = Release;
		};
		BEAF5BEC2FE33DD6007392A5 /* Debug */ = {
			isa = XCBuildConfiguration;
			buildSettings = {
				BUNDLE_LOADER = "$(TEST_HOST)";
				CODE_SIGN_STYLE = Automatic;
				CURRENT_PROJECT_VERSION = 1;
				GENERATE_INFOPLIST_FILE = YES;
				IPHONEOS_DEPLOYMENT_TARGET = 26.5;
				MARKETING_VERSION = 1.0;
				PRODUCT_BUNDLE_IDENTIFIER = "jcorm.disc-visTests";
				PRODUCT_NAME = "$(TARGET_NAME)";
				STRING_CATALOG_GENERATE_SYMBOLS = NO;
				SWIFT_APPROACHABLE_CONCURRENCY = YES;
				SWIFT_EMIT_LOC_STRINGS = NO;
				SWIFT_UPCOMING_FEATURE_MEMBER_IMPORT_VISIBILITY = YES;
				SWIFT_VERSION = 5.0;
				TARGETED_DEVICE_FAMILY = "1,2";
				TEST_HOST = "$(BUILT_PRODUCTS_DIR)/disc-vis.app/$(BUNDLE_EXECUTABLE_FOLDER_PATH)/disc-vis";
			};
			name = Debug;
		};
		BEAF5BED2FE33DD6007392A5 /* Release */ = {
			isa = XCBuildConfiguration;
			buildSettings = {
				BUNDLE_LOADER = "$(TEST_HOST)";
				CODE_SIGN_STYLE = Automatic;
				CURRENT_PROJECT_VERSION = 1;
				GENERATE_INFOPLIST_FILE = YES;
				IPHONEOS_DEPLOYMENT_TARGET = 26.5;
				MARKETING_VERSION = 1.0;
				PRODUCT_BUNDLE_IDENTIFIER = "jcorm.disc-visTests";
				PRODUCT_NAME = "$(TARGET_NAME)";
				STRING_CATALOG_GENERATE_SYMBOLS = NO;
				SWIFT_APPROACHABLE_CONCURRENCY = YES;
				SWIFT_EMIT_LOC_STRINGS = NO;
				SWIFT_UPCOMING_FEATURE_MEMBER_IMPORT_VISIBILITY = YES;
				SWIFT_VERSION = 5.0;
				TARGETED_DEVICE_FAMILY = "1,2";
				TEST_HOST = "$(BUILT_PRODUCTS_DIR)/disc-vis.app/$(BUNDLE_EXECUTABLE_FOLDER_PATH)/disc-vis";
			};
			name = Release;
		};
		BEAF5BEF2FE33DD6007392A5 /* Debug */ = {
			isa = XCBuildConfiguration;
			buildSettings = {
				CODE_SIGN_STYLE = Automatic;
				CURRENT_PROJECT_VERSION = 1;
				GENERATE_INFOPLIST_FILE = YES;
				MARKETING_VERSION = 1.0;
				PRODUCT_BUNDLE_IDENTIFIER = "jcorm.disc-visUITests";
				PRODUCT_NAME = "$(TARGET_NAME)";
				STRING_CATALOG_GENERATE_SYMBOLS = NO;
				SWIFT_APPROACHABLE_CONCURRENCY = YES;
				SWIFT_EMIT_LOC_STRINGS = NO;
				SWIFT_UPCOMING_FEATURE_MEMBER_IMPORT_VISIBILITY = YES;
				SWIFT_VERSION = 5.0;
				TARGETED_DEVICE_FAMILY = "1,2";
				TEST_TARGET_NAME = "disc-vis";
			};
			name = Debug;
		};
		BEAF5BF02FE33DD6007392A5 /* Release */ = {
			isa = XCBuildConfiguration;
			buildSettings = {
				CODE_SIGN_STYLE = Automatic;
				CURRENT_PROJECT_VERSION = 1;
				GENERATE_INFOPLIST_FILE = YES;
				MARKETING_VERSION = 1.0;
				PRODUCT_BUNDLE_IDENTIFIER = "jcorm.disc-visUITests";
				PRODUCT_NAME = "$(TARGET_NAME)";
				STRING_CATALOG_GENERATE_SYMBOLS = NO;
				SWIFT_APPROACHABLE_CONCURRENCY = YES;
				SWIFT_EMIT_LOC_STRINGS = NO;
				SWIFT_UPCOMING_FEATURE_MEMBER_IMPORT_VISIBILITY = YES;
				SWIFT_VERSION = 5.0;
				TARGETED_DEVICE_FAMILY = "1,2";
				TEST_TARGET_NAME = "disc-vis";
			};
			name = Release;
		};
/* End XCBuildConfiguration section */

/* Begin XCConfigurationList section */
		BEAF5BC22FE33DD5007392A5 /* Build configuration list for PBXProject "disc-vis" */ = {
			isa = XCConfigurationList;
			buildConfigurations = (
				BEAF5BE62FE33DD6007392A5 /* Debug */,
				BEAF5BE72FE33DD6007392A5 /* Release */,
			);
			defaultConfigurationIsVisible = 0;
			defaultConfigurationName = Release;
		};
		BEAF5BE82FE33DD6007392A5 /* Build configuration list for PBXNativeTarget "disc-vis" */ = {
			isa = XCConfigurationList;
			buildConfigurations = (
				BEAF5BE92FE33DD6007392A5 /* Debug */,
				BEAF5BEA2FE33DD6007392A5 /* Release */,
			);
			defaultConfigurationIsVisible = 0;
			defaultConfigurationName = Release;
		};
		BEAF5BEB2FE33DD6007392A5 /* Build configuration list for PBXNativeTarget "disc-visTests" */ = {
			isa = XCConfigurationList;
			buildConfigurations = (
				BEAF5BEC2FE33DD6007392A5 /* Debug */,
				BEAF5BED2FE33DD6007392A5 /* Release */,
			);
			defaultConfigurationIsVisible = 0;
			defaultConfigurationName = Release;
		};
		BEAF5BEE2FE33DD6007392A5 /* Build configuration list for PBXNativeTarget "disc-visUITests" */ = {
			isa = XCConfigurationList;
			buildConfigurations = (
				BEAF5BEF2FE33DD6007392A5 /* Debug */,
				BEAF5BF02FE33DD6007392A5 /* Release */,
			);
			defaultConfigurationIsVisible = 0;
			defaultConfigurationName = Release;
		};
/* End XCConfigurationList section */
	};
	rootObject = BEAF5BBF2FE33DD5007392A5 /* Project object */;
}
